
Microsoft Visual Studio Solution File, Format Version 12.00
Project("{2150E333-8FDC-42A3-9474-1A3956D46DE8}") = "Domain", "Domain", "{5EC7C795-7AE8-44FD-A69B-8EF26B19FBBF}"
EndProject
Project("{2150E333-8FDC-42A3-9474-1A3956D46DE8}") = "Infra", "Infra", "{E6E15379-8FFA-48D3-94A0-AE3212C70841}"
EndProject
Project("{2150E333-8FDC-42A3-9474-1A3956D46DE8}") = "Application", "Application", "{54A80814-4B12-4DD4-80D7-91C8C9620476}"
EndProject
Project("{2150E333-8FDC-42A3-9474-1A3956D46DE8}") = "Services", "Services", "{845F76D7-7C3B-4454-A0C0-3FDEEF90F0D0}"
EndProject
Project("{FAE04EC0-301F-11D3-BF4B-00C04F79EFBC}") = "Invest.Services.Api", "src\Invest.Services.Api\Invest.Services.Api.csproj", "{2D061D66-E49D-4229-BB75-7E85AFC5B22B}"
EndProject
Project("{FAE04EC0-301F-11D3-BF4B-00C04F79EFBC}") = "Invest.Application", "src\Invest.Application\Invest.Application.csproj", "{D76840A4-EAFD-4654-9A58-3D179CA3C881}"
EndProject
Project("{FAE04EC0-301F-11D3-BF4B-00C04F79EFBC}") = "Invest.Domain", "src\Invest.Domain\Invest.Domain.csproj", "{BA68C8B9-A12E-4B9B-84C4-BB4C3A75CC22}"
EndProject
Project("{FAE04EC0-301F-11D3-BF4B-00C04F79EFBC}") = "Invest.Infra.FixedIncome", "src\Invest.Infra.FixedIncome\Invest.Infra.FixedIncome.csproj", "{21301FA0-3002-4D78-844C-B868E7DD46CA}"
EndProject
Project("{FAE04EC0-301F-11D3-BF4B-00C04F79EFBC}") = "Invest.Infra.Funds", "src\Invest.Infra.Funds\Invest.Infra.Funds.csproj", "{342093F4-5CD8-4F36-8B02-69A8DF194CEF}"
EndProject
Project("{FAE04EC0-301F-11D3-BF4B-00C04F79EFBC}") = "Invest.Domain.Tests", "src\Invest.Domain.Tests\Invest.Domain.Tests.csproj", "{644889F6-E63E-44B2-8031-21718F248454}"
EndProject
Project("{FAE04EC0-301F-11D3-BF4B-00C04F79EFBC}") = "Invest.Infra.DirectTreasury", "src\Invest.Infra.DirectTreasury\Invest.Infra.DirectTreasury.csproj", "{B3B1E9F2-5649-4949-9C2B-3DFC4C044BCA}"
EndProject
Project("{FAE04EC0-301F-11D3-BF4B-00C04F79EFBC}") = "Invest.Infra.Cache", "src\Invest.Infra.Cache\Invest.Infra.Cache.csproj", "{04C0A887-56AD-4EF9-8F4F-BBAC43CCF051}"
EndProject
Project("{FAE04EC0-301F-11D3-BF4B-00C04F79EFBC}") = "Invest.Infra.IoC", "src\Invest.Infra.IoC\Invest.Infra.IoC.csproj", "{20F36175-2ABF-451D-A420-A017F8D5997C}"
EndProject
Project("{2150E333-8FDC-42A3-9474-1A3956D46DE8}") = "Tests", "Tests", "{56C55A46-603E-4419-A8A9-8708E18D8E9E}"
EndProject
Project("{FAE04EC0-301F-11D3-BF4B-00C04F79EFBC}") = "Invest.Application.Tests", "src\Invest.Application.Tests\Invest.Application.Tests.csproj", "{332CD5A2-2616-4602-A0CF-0079DCC252D2}"
EndProject
Global
	GlobalSection(SolutionConfigurationPlatforms) = preSolution
		Debug|Any CPU = Debug|Any CPU
		Release|Any CPU = Release|Any CPU
	EndGlobalSection
	GlobalSection(NestedProjects) = preSolution
		{2D061D66-E49D-4229-BB75-7E85AFC5B22B} = {845F76D7-7C3B-4454-A0C0-3FDEEF90F0D0}
		{D76840A4-EAFD-4654-9A58-3D179CA3C881} = {54A80814-4B12-4DD4-80D7-91C8C9620476}
		{BA68C8B9-A12E-4B9B-84C4-BB4C3A75CC22} = {5EC7C795-7AE8-44FD-A69B-8EF26B19FBBF}
		{21301FA0-3002-4D78-844C-B868E7DD46CA} = {E6E15379-8FFA-48D3-94A0-AE3212C70841}
		{342093F4-5CD8-4F36-8B02-69A8DF194CEF} = {E6E15379-8FFA-48D3-94A0-AE3212C70841}
		{B3B1E9F2-5649-4949-9C2B-3DFC4C044BCA} = {E6E15379-8FFA-48D3-94A0-AE3212C70841}
		{04C0A887-56AD-4EF9-8F4F-BBAC43CCF051} = {E6E15379-8FFA-48D3-94A0-AE3212C70841}
		{20F36175-2ABF-451D-A420-A017F8D5997C} = {E6E15379-8FFA-48D3-94A0-AE3212C70841}
		{644889F6-E63E-44B2-8031-21718F248454} = {56C55A46-603E-4419-A8A9-8708E18D8E9E}
		{332CD5A2-2616-4602-A0CF-0079DCC252D2} = {56C55A46-603E-4419-A8A9-8708E18D8E9E}
	EndGlobalSection
	GlobalSection(ProjectConfigurationPlatforms) = postSolution
		{2D061D66-E49D-4229-BB75-7E85AFC5B22B}.Debug|Any CPU.ActiveCfg = Debug|Any CPU
		{2D061D66-E49D-4229-BB75-7E85AFC5B22B}.Debug|Any CPU.Build.0 = Debug|Any CPU
		{2D061D66-E49D-4229-BB75-7E85AFC5B22B}.Release|Any CPU.ActiveCfg = Release|Any CPU
		{2D061D66-E49D-4229-BB75-7E85AFC5B22B}.Release|Any CPU.Build.0 = Release|Any CPU
		{D76840A4-EAFD-4654-9A58-3D179CA3C881}.Debug|Any CPU.ActiveCfg = Debug|Any CPU
		{D76840A4-EAFD-4654-9A58-3D179CA3C881}.Debug|Any CPU.Build.0 = Debug|Any CPU
		{D76840A4-EAFD-4654-9A58-3D179CA3C881}.Release|Any CPU.ActiveCfg = Release|Any CPU
		{D76840A4-EAFD-4654-9A58-3D179CA3C881}.Release|Any CPU.Build.0 = Release|Any CPU
		{BA68C8B9-A12E-4B9B-84C4-BB4C3A75CC22}.Debug|Any CPU.ActiveCfg = Debug|Any CPU
		{BA68C8B9-A12E-4B9B-84C4-BB4C3A75CC22}.Debug|Any CPU.Build.0 = Debug|Any CPU
		{BA68C8B9-A12E-4B9B-84C4-BB4C3A75CC22}.Release|Any CPU.ActiveCfg = Release|Any CPU
		{BA68C8B9-A12E-4B9B-84C4-BB4C3A75CC22}.Release|Any CPU.Build.0 = Release|Any CPU
		{21301FA0-3002-4D78-844C-B868E7DD46CA}.Debug|Any CPU.ActiveCfg = Debug|Any CPU
		{21301FA0-3002-4D78-844C-B868E7DD46CA}.Debug|Any CPU.Build.0 = Debug|Any CPU
		{21301FA0-3002-4D78-844C-B868E7DD46CA}.Release|Any CPU.ActiveCfg = Release|Any CPU
		{21301FA0-3002-4D78-844C-B868E7DD46CA}.Release|Any CPU.Build.0 = Release|Any CPU
		{342093F4-5CD8-4F36-8B02-69A8DF194CEF}.Debug|Any CPU.ActiveCfg = Debug|Any CPU
		{342093F4-5CD8-4F36-8B02-69A8DF194CEF}.Debug|Any CPU.Build.0 = Debug|Any CPU
		{342093F4-5CD8-4F36-8B02-69A8DF194CEF}.Release|Any CPU.ActiveCfg = Release|Any CPU
		{342093F4-5CD8-4F36-8B02-69A8DF194CEF}.Release|Any CPU.Build.0 = Release|Any CPU
		{644889F6-E63E-44B2-8031-21718F248454}.Debug|Any CPU.ActiveCfg = Debug|Any CPU
		{644889F6-E63E-44B2-8031-21718F248454}.Debug|Any CPU.Build.0 = Debug|Any CPU
		{644889F6-E63E-44B2-8031-21718F248454}.Release|Any CPU.ActiveCfg = Release|Any CPU
		{644889F6-E63E-44B2-8031-21718F248454}.Release|Any CPU.Build.0 = Release|Any CPU
		{B3B1E9F2-5649-4949-9C2B-3DFC4C044BCA}.Debug|Any CPU.ActiveCfg = Debug|Any CPU
		{B3B1E9F2-5649-4949-9C2B-3DFC4C044BCA}.Debug|Any CPU.Build.0 = Debug|Any CPU
		{B3B1E9F2-5649-4949-9C2B-3DFC4C044BCA}.Release|Any CPU.ActiveCfg = Release|Any CPU
		{B3B1E9F2-5649-4949-9C2B-3DFC4C044BCA}.Release|Any CPU.Build.0 = Release|Any CPU
		{04C0A887-56AD-4EF9-8F4F-BBAC43CCF051}.Debug|Any CPU.ActiveCfg = Debug|Any CPU
		{04C0A887-56AD-4EF9-8F4F-BBAC43CCF051}.Debug|Any CPU.Build.0 = Debug|Any CPU
		{04C0A887-56AD-4EF9-8F4F-BBAC43CCF051}.Release|Any CPU.ActiveCfg = Release|Any CPU
		{04C0A887-56AD-4EF9-8F4F-BBAC43CCF051}.Release|Any CPU.Build.0 = Release|Any CPU
		{20F36175-2ABF-451D-A420-A017F8D5997C}.Debug|Any CPU.ActiveCfg = Debug|Any CPU
		{20F36175-2ABF-451D-A420-A017F8D5997C}.Debug|Any CPU.Build.0 = Debug|Any CPU
		{20F36175-2ABF-451D-A420-A017F8D5997C}.Release|Any CPU.ActiveCfg = Release|Any CPU
		{20F36175-2ABF-451D-A420-A017F8D5997C}.Release|Any CPU.Build.0 = Release|Any CPU
		{332CD5A2-2616-4602-A0CF-0079DCC252D2}.Debug|Any CPU.ActiveCfg = Debug|Any CPU
		{332CD5A2-2616-4602-A0CF-0079DCC252D2}.Debug|Any CPU.Build.0 = Debug|Any CPU
		{332CD5A2-2616-4602-A0CF-0079DCC252D2}.Release|Any CPU.ActiveCfg = Release|Any CPU
		{332CD5A2-2616-4602-A0CF-0079DCC252D2}.Release|Any CPU.Build.0 = Release|Any CPU
	EndGlobalSection
EndGlobal
